
Microsoft Visual Studio Solution File, Format Version 12.00
# Visual Studio Version 16
VisualStudioVersion = 16.0.30204.135
MinimumVisualStudioVersion = 10.0.40219.1
Project("{FAE04EC0-301F-11D3-BF4B-00C04F79EFBC}") = "test", "test\test.csproj", "{81443253-C272-4FE7-8E5E-F74877D5D8FF}"
EndProject
Global
	GlobalSection(SolutionConfigurationPlatforms) = preSolution
		Debug|Any CPU = Debug|Any CPU
		Release|Any CPU = Release|Any CPU
	EndGlobalSection
	GlobalSection(ProjectConfigurationPlatforms) = postSolution
		{81443253-C272-4FE7-8E5E-F74877D5D8FF}.Debug|Any CPU.ActiveCfg = Debug|Any CPU
		{81443253-C272-4FE7-8E5E-F74877D5D8FF}.Debug|Any CPU.Build.0 = Debug|Any CPU
		{81443253-C272-4FE7-8E5E-F74877D5D8FF}.Release|Any CPU.ActiveCfg = Release|Any CPU
		{81443253-C272-4FE7-8E5E-F74877D5D8FF}.Release|Any CPU.Build.0 = Release|Any CPU
	EndGlobalSection
	GlobalSection(SolutionProperties) = preSolution
		HideSolutionNode = FALSE
	EndGlobalSection
	GlobalSection(ExtensibilityGlobals) = postSolution
		SolutionGuid = {70F6B80D-23FA-4CA2-8595-D099CFC66EED}
	EndGlobalSection
EndGlobal
